<?xml version="1.0" encoding="UTF-8" standalone="yes" ?>
<CodeBlocks_project_file>
	<FileVersion major="1" minor="6" />
	<Project>
		<Option title="Classic_Mario_txt" />
		<Option pch_mode="2" />
		<Option compiler="gcc" />
		<Build>
			<Target title="Debug">
				<Option output="bin/Debug/Classic_Mario_txt" prefix_auto="1" extension_auto="1" />
				<Option object_output="obj/Debug/" />
				<Option type="1" />
				<Option compiler="gcc" />
				<Compiler>
					<Add option="-g" />
				</Compiler>
			</Target>
			<Target title="Release">
				<Option output="bin/Release/Classic_Mario_txt" prefix_auto="1" extension_auto="1" />
				<Option object_output="obj/Release/" />
				<Option type="1" />
				<Option compiler="gcc" />
				<Compiler>
					<Add option="-O2" />
				</Compiler>
				<Linker>
					<Add option="-s" />
				</Linker>
			</Target>
		</Build>
		<Compiler>
			<Add option="-Wall" />
		</Compiler>
		<Unit filename="Classic_Mario_Txt/Jeu.c">
			<Option compilerVar="CC" />
		</Unit>
		<Unit filename="Classic_Mario_Txt/Jeu.h" />
		<Unit filename="Classic_Mario_Txt/Mario.c">
			<Option compilerVar="CC" />
		</Unit>
		<Unit filename="Classic_Mario_Txt/Mario.h" />
		<Unit filename="Classic_Mario_Txt/Monster.c">
			<Option compilerVar="CC" />
		</Unit>
		<Unit filename="Classic_Mario_Txt/Monster.h" />
		<Unit filename="Classic_Mario_Txt/Niveau.c">
			<Option compilerVar="CC" />
		</Unit>
		<Unit filename="Classic_Mario_Txt/Niveau.h" />
		<Unit filename="Classic_Mario_Txt/Position.c">
			<Option compilerVar="CC" />
		</Unit>
		<Unit filename="Classic_Mario_Txt/Position.h" />
		<Unit filename="Classic_Mario_Txt/mainTxt.c">
			<Option compilerVar="CC" />
		</Unit>
		<Unit filename="Classic_Mario_Txt/txtJeu.c">
			<Option compilerVar="CC" />
		</Unit>
		<Unit filename="Classic_Mario_Txt/txtJeu.h" />
		<Unit filename="Classic_Mario_Txt/winTxt.c">
			<Option compilerVar="CC" />
		</Unit>
		<Unit filename="Classic_Mario_Txt/winTxt.h" />
		<Extensions>
			<code_completion />
			<debugger />
		</Extensions>
	</Project>
</CodeBlocks_project_file>
